{
  "object": {
    "pins": [
      {
        "package": "swift-argument-parser",
        "repositoryURL": "https://github.com/apple/swift-argument-parser",
        "state": {
          "branch": null,
          "revision": "223d62adc52d51669ae2ee19bdb8b7d9fd6fcd9c",
          "version": "0.0.6"
        }
      },
      {
        "package": "Benchmark",
        "repositoryURL": "https://github.com/shabalind/swift-benchmark",
        "state": {
          "branch": "topic/mixed-columns",
          "revision": "7a71ce9ecb67f1d765dd0b0e4c4c631f074b2862",
          "version": null
        }
      },
      {
        "package": "SwiftProtobuf",
        "repositoryURL": "https://github.com/apple/swift-protobuf.git",
        "state": {
          "branch": null,
          "revision": "7f36441e3372665b1b414f8ac93b5905cc42a405",
          "version": "1.9.0"
        }
      }
    ]
  },
  "version": 1
}
