{
  "object": {
    "pins": [
      {
        "package": "swift-argument-parser",
        "repositoryURL": "https://github.com/apple/swift-argument-parser",
        "state": {
          "branch": null,
          "revision": "f6ac7b8118ff5d1bc0faee7f37bf6f8fd8f95602",
          "version": "0.0.1"
        }
      },
      {
        "package": "SwiftProtobuf",
        "repositoryURL": "https://github.com/apple/swift-protobuf.git",
        "state": {
          "branch": null,
          "revision": "da75a93ac017534e0028e83c0e4fc4610d2acf48",
          "version": "1.7.0"
        }
      },
      {
        "package": "Swim",
        "repositoryURL": "https://github.com/t-ae/swim.git",
        "state": {
          "branch": null,
          "revision": "aebfbcc2574d741df1c5b19a7601c73e3fc73991",
          "version": "3.6.1"
        }
      }
    ]
  },
  "version": 1
}
