{
  "object": {
    "pins": [
      {
        "package": "swift-argument-parser",
        "repositoryURL": "https://github.com/apple/swift-argument-parser",
        "state": {
          "branch": null,
          "revision": "35b76bf577d3cc74820f8991894ce3bcdf024ddc",
          "version": "0.0.2"
        }
      },
      {
        "package": "SwiftProtobuf",
        "repositoryURL": "https://github.com/apple/swift-protobuf.git",
        "state": {
          "branch": null,
          "revision": "da75a93ac017534e0028e83c0e4fc4610d2acf48",
          "version": "1.7.0"
        }
      }
    ]
  },
  "version": 1
}
